
Microsoft Visual Studio Solution File, Format Version 12.00
# Visual Studio 2012
Project("{8BC9CEB8-8B4A-11D0-8D11-00A0C91BC942}") = "LowOnResources", "LowOnResources\LowOnResources.vcxproj", "{B3E255D6-5A68-4369-B586-BFAC6FB026DA}"
EndProject
Global
	GlobalSection(SolutionConfigurationPlatforms) = preSolution
		Debug|Win32 = Debug|Win32
		Debug|x64 = Debug|x64
		Release|Win32 = Release|Win32
		Release|x64 = Release|x64
	EndGlobalSection
	GlobalSection(ProjectConfigurationPlatforms) = postSolution
		{B3E255D6-5A68-4369-B586-BFAC6FB026DA}.Debug|Win32.ActiveCfg = Debug|Win32
		{B3E255D6-5A68-4369-B586-BFAC6FB026DA}.Debug|Win32.Build.0 = Debug|Win32
		{B3E255D6-5A68-4369-B586-BFAC6FB026DA}.Debug|x64.ActiveCfg = Debug|x64
		{B3E255D6-5A68-4369-B586-BFAC6FB026DA}.Debug|x64.Build.0 = Debug|x64
		{B3E255D6-5A68-4369-B586-BFAC6FB026DA}.Release|Win32.ActiveCfg = Release|Win32
		{B3E255D6-5A68-4369-B586-BFAC6FB026DA}.Release|Win32.Build.0 = Release|Win32
		{B3E255D6-5A68-4369-B586-BFAC6FB026DA}.Release|x64.ActiveCfg = Release|x64
		{B3E255D6-5A68-4369-B586-BFAC6FB026DA}.Release|x64.Build.0 = Release|x64
	EndGlobalSection
	GlobalSection(SolutionProperties) = preSolution
		HideSolutionNode = FALSE
	EndGlobalSection
EndGlobal
